version = 1
revision = 1
requires-python = ">=3.13"

[[package]]
name = "aws-lambda-powertools"
version = "3.10.0"
source = { registry = "https://pypi.org/simple" }
dependencies = [
    { name = "jmespath" },
    { name = "typing-extensions" },
]
sdist = { url = "https://files.pythonhosted.org/packages/e6/78/cf3c15995bfb63ea8c27f18543eadf66daf13d56194ef22b4c130881e896/aws_lambda_powertools-3.10.0.tar.gz", hash = "sha256:a8cdadb669ed66f32926e1e43214b27d9a24d2a16b7045d7d7b9613a0ed45ab8", size = 661788 }
wheels = [
    { url = "https://files.pythonhosted.org/packages/cd/dd/b0397aff221d3341a0e799aa63987360dae5077485ef47705ea5a4c8b66b/aws_lambda_powertools-3.10.0-py3-none-any.whl", hash = "sha256:e91d6a513957cae3f2b1d5142adfc8bac2f38358ee8fd86ec04e980d9471d979", size = 785467 },
]

[[package]]
name = "boto3"
version = "1.37.37"
source = { registry = "https://pypi.org/simple" }
dependencies = [
    { name = "botocore" },
    { name = "jmespath" },
    { name = "s3transfer" },
]
sdist = { url = "https://files.pythonhosted.org/packages/82/8c/2ca661db6c9e591d9dc46149b43a91385283c852436ccba62e199643e196/boto3-1.37.37.tar.gz", hash = "sha256:752d31105a45e3e01c8c68471db14ae439990b75a35e72b591ca528e2575b28f", size = 111666 }
wheels = [
    { url = "https://files.pythonhosted.org/packages/e4/5f/032d93e74949222ffbfbc3270f29a3ee423fe648de8a31c49cce0cbb0a09/boto3-1.37.37-py3-none-any.whl", hash = "sha256:d125cb11e22817f7a2581bade4bf7b75247b401888890239ceb5d3e902ccaf38", size = 139917 },
]

[[package]]
name = "boto3-stubs"
version = "1.37.37"
source = { registry = "https://pypi.org/simple" }
dependencies = [
    { name = "botocore-stubs" },
    { name = "types-s3transfer" },
]
sdist = { url = "https://files.pythonhosted.org/packages/06/d2/69f610ae92dff704d0239bdaf980ce0b1c5d4614f6965bd14f0a055d426a/boto3_stubs-1.37.37.tar.gz", hash = "sha256:e467b7aa64c96f71266e3d3d763cd826e34e4063d511c0dec4341d3071d3428c", size = 99160 }
wheels = [
    { url = "https://files.pythonhosted.org/packages/b1/c9/d1b5c2e3c0854c5d969056e90751666191ef9700f8fd5e28000f746792e9/boto3_stubs-1.37.37-py3-none-any.whl", hash = "sha256:937fabdc226b6661d90b7abb0dcaf4450c08e6e334d726381ba7479672d828c6", size = 68731 },
]

[package.optional-dependencies]
s3 = [
    { name = "mypy-boto3-s3" },
]
sts = [
    { name = "mypy-boto3-sts" },
]

[[package]]
name = "botocore"
version = "1.37.37"
source = { registry = "https://pypi.org/simple" }
dependencies = [
    { name = "jmespath" },
    { name = "python-dateutil" },
    { name = "urllib3" },
]
sdist = { url = "https://files.pythonhosted.org/packages/96/d0/70969515e3ae8ff0fcccf22827d5d131bc7b8729331127415cf8f2861d63/botocore-1.37.37.tar.gz", hash = "sha256:3eadde6fed95c4cb469cc39d1c3558528b7fa76d23e7e16d4bddc77250431a64", size = 13828530 }
wheels = [
    { url = "https://files.pythonhosted.org/packages/fe/17/602915b29cb695e1e66f65e33b1026f1534e49975d99ea4e32e58d963542/botocore-1.37.37-py3-none-any.whl", hash = "sha256:eb730ff978f47c02f0c8ed07bccdc0db6d8fa098ed32ac31bee1da0e9be480d1", size = 13495584 },
]

[[package]]
name = "botocore-stubs"
version = "1.37.37"
source = { registry = "https://pypi.org/simple" }
dependencies = [
    { name = "types-awscrt" },
]
sdist = { url = "https://files.pythonhosted.org/packages/87/12/a93a4b21e339f734bf957bd320c80d8da9018204274ae4700e07dc28e5d5/botocore_stubs-1.37.37.tar.gz", hash = "sha256:d1a58f529e954989279aa89b8391627428c958e063f02204aa0ceda4e3136015", size = 42298 }
wheels = [
    { url = "https://files.pythonhosted.org/packages/52/07/13b1364da8fad0715877b854885ea638f8143d110622e7f4c67b4a254c6a/botocore_stubs-1.37.37-py3-none-any.whl", hash = "sha256:4b029053521540637e1700c6a8b0778abd47b9c47f0f7547d12ad751b5d127ff", size = 65602 },
]

[[package]]
name = "duckdb"
version = "1.2.2"
source = { registry = "https://pypi.org/simple" }
sdist = { url = "https://files.pythonhosted.org/packages/28/b8/0f86278684fb7a1fac7c0c869fc6d68ed005cdc91c963eb4373e0551bc0a/duckdb-1.2.2.tar.gz", hash = "sha256:1e53555dece49201df08645dbfa4510c86440339889667702f936b7d28d39e43", size = 11595514 }
wheels = [
    { url = "https://files.pythonhosted.org/packages/41/31/5e2f68cbd000137f6ed52092ad83a8e9c09eca70c59e0b4c5eb679709997/duckdb-1.2.2-cp313-cp313-macosx_12_0_arm64.whl", hash = "sha256:fb9a2c77236fae079185a990434cb9d8432902488ba990235c702fc2692d2dcd", size = 15272507 },
    { url = "https://files.pythonhosted.org/packages/d2/15/aa9078fc897e744e077c0c1510e34db4c809de1d51ddb5cb62e1f9c61312/duckdb-1.2.2-cp313-cp313-macosx_12_0_universal2.whl", hash = "sha256:d8bb89e580cb9a3aaf42e4555bf265d3db9446abfb118e32150e1a5dfa4b5b15", size = 31965548 },
    { url = "https://files.pythonhosted.org/packages/9f/28/943773d44fd97055c59b58dde9182733661c2b6e3b3549f15dc26b2e139e/duckdb-1.2.2-cp313-cp313-macosx_12_0_x86_64.whl", hash = "sha256:88916d7f0532dc926bed84b50408c00dcbe6d2097d0de93c3ff647d8d57b4f83", size = 16800600 },
    { url = "https://files.pythonhosted.org/packages/39/51/2caf01e7791e490290798c8c155d4d702ed61d69e815915b42e72b3e7473/duckdb-1.2.2-cp313-cp313-manylinux_2_17_aarch64.manylinux2014_aarch64.whl", hash = "sha256:30bece4f58a6c7bb0944a02dd1dc6de435a9daf8668fa31a9fe3a9923b20bd65", size = 18735886 },
    { url = "https://files.pythonhosted.org/packages/87/0c/48ae1d485725af3a452303af409a9022d751ecab260cb9ca2f8c9fb670bc/duckdb-1.2.2-cp313-cp313-manylinux_2_17_x86_64.manylinux2014_x86_64.whl", hash = "sha256:2bd2c6373b8b54474724c2119f6939c4568c428e1d0be5bcb1f4e3d7f1b7c8bb", size = 20210481 },
    { url = "https://files.pythonhosted.org/packages/69/c7/95fcd7bde0f754ea6700208d36b845379cbd2b28779c0eff4dd4a7396369/duckdb-1.2.2-cp313-cp313-manylinux_2_24_aarch64.manylinux_2_28_aarch64.whl", hash = "sha256:72f688a8b0df7030c5a28ca6072817c1f090979e08d28ee5912dee37c26a7d0c", size = 18756619 },
    { url = "https://files.pythonhosted.org/packages/ad/1b/c9eab9e84d4a70dd5f7e2a93dd6e9d7b4d868d3df755cd58b572d82d6c5d/duckdb-1.2.2-cp313-cp313-musllinux_1_2_x86_64.whl", hash = "sha256:26e9c349f56f7c99341b5c79bbaff5ba12a5414af0261e79bf1a6a2693f152f6", size = 22294667 },
    { url = "https://files.pythonhosted.org/packages/3f/3d/ce68db53084746a4a62695a4cb064e44ce04123f8582bb3afbf6ee944e16/duckdb-1.2.2-cp313-cp313-win_amd64.whl", hash = "sha256:e1aec7102670e59d83512cf47d32a6c77a79df9df0294c5e4d16b6259851e2e9", size = 11370206 },
]

[[package]]
name = "etl-psql-log"
version = "0.1.0"
source = { virtual = "." }
dependencies = [
    { name = "aws-lambda-powertools" },
    { name = "boto3" },
    { name = "boto3-stubs", extra = ["s3", "sts"] },
    { name = "duckdb" },
]

[package.metadata]
requires-dist = [
    { name = "aws-lambda-powertools", specifier = ">=3.10.0" },
    { name = "boto3", specifier = ">=1.37.37" },
    { name = "boto3-stubs", extras = ["s3", "sts"], specifier = ">=1.37.37" },
    { name = "duckdb", specifier = ">=1.2.2" },
]

[[package]]
name = "jmespath"
version = "1.0.1"
source = { registry = "https://pypi.org/simple" }
sdist = { url = "https://files.pythonhosted.org/packages/00/2a/e867e8531cf3e36b41201936b7fa7ba7b5702dbef42922193f05c8976cd6/jmespath-1.0.1.tar.gz", hash = "sha256:90261b206d6defd58fdd5e85f478bf633a2901798906be2ad389150c5c60edbe", size = 25843 }
wheels = [
    { url = "https://files.pythonhosted.org/packages/31/b4/b9b800c45527aadd64d5b442f9b932b00648617eb5d63d2c7a6587b7cafc/jmespath-1.0.1-py3-none-any.whl", hash = "sha256:02e2e4cc71b5bcab88332eebf907519190dd9e6e82107fa7f83b1003a6252980", size = 20256 },
]

[[package]]
name = "mypy-boto3-s3"
version = "1.37.24"
source = { registry = "https://pypi.org/simple" }
sdist = { url = "https://files.pythonhosted.org/packages/0e/1d/8ddb398335991d7f04c3cbc64232aea673c877146f3de5bd7cbea88f1d4f/mypy_boto3_s3-1.37.24.tar.gz", hash = "sha256:4df0975256132ab452896b9d36571866a816157d519cf12c661795b2906e2e9c", size = 73709 }
wheels = [
    { url = "https://files.pythonhosted.org/packages/14/fb/17efbbde4fbbf027078e7577a38dc26c68e608deed8c31627328849c5825/mypy_boto3_s3-1.37.24-py3-none-any.whl", hash = "sha256:8afd8d64be352652bc888ed81750788bebabd2b6e8ee6fe9be00ff25228df39b", size = 80318 },
]

[[package]]
name = "mypy-boto3-sts"
version = "1.37.0"
source = { registry = "https://pypi.org/simple" }
sdist = { url = "https://files.pythonhosted.org/packages/14/4c/32286da1a1e8bf0ca107cc6e4d23b32b249d5191591cbd9dc56753931340/mypy_boto3_sts-1.37.0.tar.gz", hash = "sha256:4a75e507045e64033ba71eb31227f5898fa7445b279eb58d45fd920d95becaa0", size = 16564 }
wheels = [
    { url = "https://files.pythonhosted.org/packages/a5/3c/86036a9f10a5f7f02d5ed60713b4dafb7e5301692cc84b8a16c886543eb1/mypy_boto3_sts-1.37.0-py3-none-any.whl", hash = "sha256:01f6ceb1beba2fc06fc9866d1ab8160a7695a9b568d1de309056dd0da7faff37", size = 20070 },
]

[[package]]
name = "python-dateutil"
version = "2.9.0.post0"
source = { registry = "https://pypi.org/simple" }
dependencies = [
    { name = "six" },
]
sdist = { url = "https://files.pythonhosted.org/packages/66/c0/0c8b6ad9f17a802ee498c46e004a0eb49bc148f2fd230864601a86dcf6db/python-dateutil-2.9.0.post0.tar.gz", hash = "sha256:37dd54208da7e1cd875388217d5e00ebd4179249f90fb72437e91a35459a0ad3", size = 342432 }
wheels = [
    { url = "https://files.pythonhosted.org/packages/ec/57/56b9bcc3c9c6a792fcbaf139543cee77261f3651ca9da0c93f5c1221264b/python_dateutil-2.9.0.post0-py2.py3-none-any.whl", hash = "sha256:a8b2bc7bffae282281c8140a97d3aa9c14da0b136dfe83f850eea9a5f7470427", size = 229892 },
]

[[package]]
name = "s3transfer"
version = "0.11.5"
source = { registry = "https://pypi.org/simple" }
dependencies = [
    { name = "botocore" },
]
sdist = { url = "https://files.pythonhosted.org/packages/c4/2b/5c9562795c2eb2b5f63536961754760c25bf0f34af93d36aa28dea2fb303/s3transfer-0.11.5.tar.gz", hash = "sha256:8c8aad92784779ab8688a61aefff3e28e9ebdce43142808eaa3f0b0f402f68b7", size = 149107 }
wheels = [
    { url = "https://files.pythonhosted.org/packages/45/39/13402e323666d17850eca87e4cd6ecfcf9fd7809cac9efdcce10272fc29d/s3transfer-0.11.5-py3-none-any.whl", hash = "sha256:757af0f2ac150d3c75bc4177a32355c3862a98d20447b69a0161812992fe0bd4", size = 84782 },
]

[[package]]
name = "six"
version = "1.17.0"
source = { registry = "https://pypi.org/simple" }
sdist = { url = "https://files.pythonhosted.org/packages/94/e7/b2c673351809dca68a0e064b6af791aa332cf192da575fd474ed7d6f16a2/six-1.17.0.tar.gz", hash = "sha256:ff70335d468e7eb6ec65b95b99d3a2836546063f63acc5171de367e834932a81", size = 34031 }
wheels = [
    { url = "https://files.pythonhosted.org/packages/b7/ce/149a00dd41f10bc29e5921b496af8b574d8413afcd5e30dfa0ed46c2cc5e/six-1.17.0-py2.py3-none-any.whl", hash = "sha256:4721f391ed90541fddacab5acf947aa0d3dc7d27b2e1e8eda2be8970586c3274", size = 11050 },
]

[[package]]
name = "types-awscrt"
version = "0.26.1"
source = { registry = "https://pypi.org/simple" }
sdist = { url = "https://files.pythonhosted.org/packages/db/29/d0597055f1b700193463361b4b2284cf4548acbb10287d6253ce429728d5/types_awscrt-0.26.1.tar.gz", hash = "sha256:aca96f889b3745c0e74f42f08f277fed3bf6e9baa2cf9b06a36f78d77720e504", size = 15537 }
wheels = [
    { url = "https://files.pythonhosted.org/packages/da/c0/4708ee11a50d4e80c4dfb88dc2d6d69b1c296cd7397f1fe6352f119fd310/types_awscrt-0.26.1-py3-none-any.whl", hash = "sha256:176d320a26990efc057d4bf71396e05be027c142252ac48cc0d87aaea0704280", size = 19575 },
]

[[package]]
name = "types-s3transfer"
version = "0.11.5"
source = { registry = "https://pypi.org/simple" }
sdist = { url = "https://files.pythonhosted.org/packages/e7/dd/b77716d1fcda920d81fc865496fe2d1bd02a20a33f1d36f59faeb7dc2c50/types_s3transfer-0.11.5.tar.gz", hash = "sha256:fa9195006eea3dfdd51af5f51b3dc3a4f575696f323bb0202d03dd3eaea01166", size = 14095 }
wheels = [
    { url = "https://files.pythonhosted.org/packages/fa/8c/5733c64e9d3b85882cf0686381f70f8cb7600a9f79a71519ca123e059744/types_s3transfer-0.11.5-py3-none-any.whl", hash = "sha256:db1a45e6068fa10d4c587ff2d82cc4d6636c254a4270e54f054912ad75e0938a", size = 19554 },
]

[[package]]
name = "typing-extensions"
version = "4.13.2"
source = { registry = "https://pypi.org/simple" }
sdist = { url = "https://files.pythonhosted.org/packages/f6/37/23083fcd6e35492953e8d2aaaa68b860eb422b34627b13f2ce3eb6106061/typing_extensions-4.13.2.tar.gz", hash = "sha256:e6c81219bd689f51865d9e372991c540bda33a0379d5573cddb9a3a23f7caaef", size = 106967 }
wheels = [
    { url = "https://files.pythonhosted.org/packages/8b/54/b1ae86c0973cc6f0210b53d508ca3641fb6d0c56823f288d108bc7ab3cc8/typing_extensions-4.13.2-py3-none-any.whl", hash = "sha256:a439e7c04b49fec3e5d3e2beaa21755cadbbdc391694e28ccdd36ca4a1408f8c", size = 45806 },
]

[[package]]
name = "urllib3"
version = "2.4.0"
source = { registry = "https://pypi.org/simple" }
sdist = { url = "https://files.pythonhosted.org/packages/8a/78/16493d9c386d8e60e442a35feac5e00f0913c0f4b7c217c11e8ec2ff53e0/urllib3-2.4.0.tar.gz", hash = "sha256:414bc6535b787febd7567804cc015fee39daab8ad86268f1310a9250697de466", size = 390672 }
wheels = [
    { url = "https://files.pythonhosted.org/packages/6b/11/cc635220681e93a0183390e26485430ca2c7b5f9d33b15c74c2861cb8091/urllib3-2.4.0-py3-none-any.whl", hash = "sha256:4e16665048960a0900c702d4a66415956a584919c03361cac9f1df5c5dd7e813", size = 128680 },
]
